
Microsoft Visual Studio Solution File, Format Version 11.00
# Visual Studio 2010
Project("{8BC9CEB8-8B4A-11D0-8D11-00A0C91BC942}") = "NetworkComm", "NetworkComm\NetworkComm.vcxproj", "{AD930635-D1BF-48CD-A342-392D29760675}"
EndProject
Global
	GlobalSection(SolutionConfigurationPlatforms) = preSolution
		Debug|Win32 = Debug|Win32
		Release|Win32 = Release|Win32
	EndGlobalSection
	GlobalSection(ProjectConfigurationPlatforms) = postSolution
		{AD930635-D1BF-48CD-A342-392D29760675}.Debug|Win32.ActiveCfg = Debug|Win32
		{AD930635-D1BF-48CD-A342-392D29760675}.Debug|Win32.Build.0 = Debug|Win32
		{AD930635-D1BF-48CD-A342-392D29760675}.Release|Win32.ActiveCfg = Release|Win32
		{AD930635-D1BF-48CD-A342-392D29760675}.Release|Win32.Build.0 = Release|Win32
	EndGlobalSection
	GlobalSection(SolutionProperties) = preSolution
		HideSolutionNode = FALSE
	EndGlobalSection
EndGlobal
